// !$*UTF8*$!
{
	archiveVersion = 1;
	classes = {
	};
	objectVersion = 55;
	objects = {

/* Begin PBXBuildFile section */
		2873A6A62717A00000D84704 /* AppDelegate.swift in Sources */ = {isa = PBXBuildFile; fileRef = 2873A6A52717A00000D84704 /* AppDelegate.swift */; };
		2873A6A82717A00000D84704 /* SceneDelegate.swift in Sources */ = {isa = PBXBuildFile; fileRef = 2873A6A72717A00000D84704 /* SceneDelegate.swift */; };
		2873A6AA2717A00000D84704 /* ViewController.swift in Sources */ = {isa = PBXBuildFile; fileRef = 2873A6A92717A00000D84704 /* ViewController.swift */; };
		2873A6AD2717A00000D84704 /* Main.storyboard in Resources */ = {isa = PBXBuildFile; fileRef = 2873A6AB2717A00000D84704 /* Main.storyboard */; };
		2873A6AF2717A00100D84704 /* Assets.xcassets in Resources */ = {isa = PBXBuildFile; fileRef = 2873A6AE2717A00100D84704 /* Assets.xcassets */; };
		2873A6B22717A00100D84704 /* LaunchScreen.storyboard in Resources */ = {isa = PBXBuildFile; fileRef = 2873A6B02717A00100D84704 /* LaunchScreen.storyboard */; };
		2873A6BD2717A00100D84704 /* instagramTests.swift in Sources */ = {isa = PBXBuildFile; fileRef = 2873A6BC2717A00100D84704 /* instagramTests.swift */; };
		2873A6C72717A00100D84704 /* instagramUITests.swift in Sources */ = {isa = PBXBuildFile; fileRef = 2873A6C62717A00100D84704 /* instagramUITests.swift */; };
		2873A6C92717A00100D84704 /* instagramUITestsLaunchTests.swift in Sources */ = {isa = PBXBuildFile; fileRef = 2873A6C82717A00100D84704 /* instagramUITestsLaunchTests.swift */; };
/* End PBXBuildFile section */

/* Begin PBXContainerItemProxy section */
		2873A6B92717A00100D84704 /* PBXContainerItemProxy */ = {
			isa = PBXContainerItemProxy;
			containerPortal = 2873A69A27179FFF00D84704 /* Project object */;
			proxyType = 1;
			remoteGlobalIDString = 2873A6A127179FFF00D84704;
			remoteInfo = instagram;
		};
		2873A6C32717A00100D84704 /* PBXContainerItemProxy */ = {
			isa = PBXContainerItemProxy;
			containerPortal = 2873A69A27179FFF00D84704 /* Project object */;
			proxyType = 1;
			remoteGlobalIDString = 2873A6A127179FFF00D84704;
			remoteInfo = instagram;
		};
/* End PBXContainerItemProxy section */

/* Begin PBXFileReference section */
		2873A6A227179FFF00D84704 /* instagram.app */ = {isa = PBXFileReference; explicitFileType = wrapper.application; includeInIndex = 0; path = instagram.app; sourceTree = BUILT_PRODUCTS_DIR; };
		2873A6A52717A00000D84704 /* AppDelegate.swift */ = {isa = PBXFileReference; lastKnownFileType = sourcecode.swift; path = AppDelegate.swift; sourceTree = "<group>"; };
		2873A6A72717A00000D84704 /* SceneDelegate.swift */ = {isa = PBXFileReference; lastKnownFileType = sourcecode.swift; path = SceneDelegate.swift; sourceTree = "<group>"; };
		2873A6A92717A00000D84704 /* ViewController.swift */ = {isa = PBXFileReference; lastKnownFileType = sourcecode.swift; path = ViewController.swift; sourceTree = "<group>"; };
		2873A6AC2717A00000D84704 /* Base */ = {isa = PBXFileReference; lastKnownFileType = file.storyboard; name = Base; path = Base.lproj/Main.storyboard; sourceTree = "<group>"; };
		2873A6AE2717A00100D84704 /* Assets.xcassets */ = {isa = PBXFileReference; lastKnownFileType = folder.assetcatalog; path = Assets.xcassets; sourceTree = "<group>"; };
		2873A6B12717A00100D84704 /* Base */ = {isa = PBXFileReference; lastKnownFileType = file.storyboard; name = Base; path = Base.lproj/LaunchScreen.storyboard; sourceTree = "<group>"; };
		2873A6B32717A00100D84704 /* Info.plist */ = {isa = PBXFileReference; lastKnownFileType = text.plist.xml; path = Info.plist; sourceTree = "<group>"; };
		2873A6B82717A00100D84704 /* instagramTests.xctest */ = {isa = PBXFileReference; explicitFileType = wrapper.cfbundle; includeInIndex = 0; path = instagramTests.xctest; sourceTree = BUILT_PRODUCTS_DIR; };
		2873A6BC2717A00100D84704 /* instagramTests.swift */ = {isa = PBXFileReference; lastKnownFileType = sourcecode.swift; path = instagramTests.swift; sourceTree = "<group>"; };
		2873A6C22717A00100D84704 /* instagramUITests.xctest */ = {isa = PBXFileReference; explicitFileType = wrapper.cfbundle; includeInIndex = 0; path = instagramUITests.xctest; sourceTree = BUILT_PRODUCTS_DIR; };
		2873A6C62717A00100D84704 /* instagramUITests.swift */ = {isa = PBXFileReference; lastKnownFileType = sourcecode.swift; path = instagramUITests.swift; sourceTree = "<group>"; };
		2873A6C82717A00100D84704 /* instagramUITestsLaunchTests.swift */ = {isa = PBXFileReference; lastKnownFileType = sourcecode.swift; path = instagramUITestsLaunchTests.swift; sourceTree = "<group>"; };
/* End PBXFileReference section */

/* Begin PBXFrameworksBuildPhase section */
		2873A69F27179FFF00D84704 /* Frameworks */ = {
			isa = PBXFrameworksBuildPhase;
			buildActionMask = 2147483647;
			files = (
			);
			runOnlyForDeploymentPostprocessing = 0;
		};
		2873A6B52717A00100D84704 /* Frameworks */ = {
			isa = PBXFrameworksBuildPhase;
			buildActionMask = 2147483647;
			files = (
			);
			runOnlyForDeploymentPostprocessing = 0;
		};
		2873A6BF2717A00100D84704 /* Frameworks */ = {
			isa = PBXFrameworksBuildPhase;
			buildActionMask = 2147483647;
			files = (
			);
			runOnlyForDeploymentPostprocessing = 0;
		};
/* End PBXFrameworksBuildPhase section */

/* Begin PBXGroup section */
		2873A69927179FFF00D84704 = {
			isa = PBXGroup;
			children = (
				2873A6A427179FFF00D84704 /* instagram */,
				2873A6BB2717A00100D84704 /* instagramTests */,
				2873A6C52717A00100D84704 /* instagramUITests */,
				2873A6A327179FFF00D84704 /* Products */,
			);
			sourceTree = "<group>";
		};
		2873A6A327179FFF00D84704 /* Products */ = {
			isa = PBXGroup;
			children = (
				2873A6A227179FFF00D84704 /* instagram.app */,
				2873A6B82717A00100D84704 /* instagramTests.xctest */,
				2873A6C22717A00100D84704 /* instagramUITests.xctest */,
			);
			name = Products;
			sourceTree = "<group>";
		};
		2873A6A427179FFF00D84704 /* instagram */ = {
			isa = PBXGroup;
			children = (
				2873A6A52717A00000D84704 /* AppDelegate.swift */,
				2873A6A72717A00000D84704 /* SceneDelegate.swift */,
				2873A6A92717A00000D84704 /* ViewController.swift */,
				2873A6AB2717A00000D84704 /* Main.storyboard */,
				2873A6AE2717A00100D84704 /* Assets.xcassets */,
				2873A6B02717A00100D84704 /* LaunchScreen.storyboard */,
				2873A6B32717A00100D84704 /* Info.plist */,
			);
			path = instagram;
			sourceTree = "<group>";
		};
		2873A6BB2717A00100D84704 /* instagramTests */ = {
			isa = PBXGroup;
			children = (
				2873A6BC2717A00100D84704 /* instagramTests.swift */,
			);
			path = instagramTests;
			sourceTree = "<group>";
		};
		2873A6C52717A00100D84704 /* instagramUITests */ = {
			isa = PBXGroup;
			children = (
				2873A6C62717A00100D84704 /* instagramUITests.swift */,
				2873A6C82717A00100D84704 /* instagramUITestsLaunchTests.swift */,
			);
			path = instagramUITests;
			sourceTree = "<group>";
		};
/* End PBXGroup section */

/* Begin PBXNativeTarget section */
		2873A6A127179FFF00D84704 /* instagram */ = {
			isa = PBXNativeTarget;
			buildConfigurationList = 2873A6CC2717A00100D84704 /* Build configuration list for PBXNativeTarget "instagram" */;
			buildPhases = (
				2873A69E27179FFF00D84704 /* Sources */,
				2873A69F27179FFF00D84704 /* Frameworks */,
				2873A6A027179FFF00D84704 /* Resources */,
			);
			buildRules = (
			);
			dependencies = (
			);
			name = instagram;
			productName = instagram;
			productReference = 2873A6A227179FFF00D84704 /* instagram.app */;
			productType = "com.apple.product-type.application";
		};
		2873A6B72717A00100D84704 /* instagramTests */ = {
			isa = PBXNativeTarget;
			buildConfigurationList = 2873A6CF2717A00100D84704 /* Build configuration list for PBXNativeTarget "instagramTests" */;
			buildPhases = (
				2873A6B42717A00100D84704 /* Sources */,
				2873A6B52717A00100D84704 /* Frameworks */,
				2873A6B62717A00100D84704 /* Resources */,
			);
			buildRules = (
			);
			dependencies = (
				2873A6BA2717A00100D84704 /* PBXTargetDependency */,
			);
			name = instagramTests;
			productName = instagramTests;
			productReference = 2873A6B82717A00100D84704 /* instagramTests.xctest */;
			productType = "com.apple.product-type.bundle.unit-test";
		};
		2873A6C12717A00100D84704 /* instagramUITests */ = {
			isa = PBXNativeTarget;
			buildConfigurationList = 2873A6D22717A00100D84704 /* Build configuration list for PBXNativeTarget "instagramUITests" */;
			buildPhases = (
				2873A6BE2717A00100D84704 /* Sources */,
				2873A6BF2717A00100D84704 /* Frameworks */,
				2873A6C02717A00100D84704 /* Resources */,
			);
			buildRules = (
			);
			dependencies = (
				2873A6C42717A00100D84704 /* PBXTargetDependency */,
			);
			name = instagramUITests;
			productName = instagramUITests;
			productReference = 2873A6C22717A00100D84704 /* instagramUITests.xctest */;
			productType = "com.apple.product-type.bundle.ui-testing";
		};
/* End PBXNativeTarget section */

/* Begin PBXProject section */
		2873A69A27179FFF00D84704 /* Project object */ = {
			isa = PBXProject;
			attributes = {
				BuildIndependentTargetsInParallel = 1;
				LastSwiftUpdateCheck = 1300;
				LastUpgradeCheck = 1300;
				TargetAttributes = {
					2873A6A127179FFF00D84704 = {
						CreatedOnToolsVersion = 13.0;
					};
					2873A6B72717A00100D84704 = {
						CreatedOnToolsVersion = 13.0;
						TestTargetID = 2873A6A127179FFF00D84704;
					};
					2873A6C12717A00100D84704 = {
						CreatedOnToolsVersion = 13.0;
						TestTargetID = 2873A6A127179FFF00D84704;
					};
				};
			};
			buildConfigurationList = 2873A69D27179FFF00D84704 /* Build configuration list for PBXProject "instagram" */;
			compatibilityVersion = "Xcode 13.0";
			developmentRegion = en;
			hasScannedForEncodings = 0;
			knownRegions = (
				en,
				Base,
			);
			mainGroup = 2873A69927179FFF00D84704;
			productRefGroup = 2873A6A327179FFF00D84704 /* Products */;
			projectDirPath = "";
			projectRoot = "";
			targets = (
				2873A6A127179FFF00D84704 /* instagram */,
				2873A6B72717A00100D84704 /* instagramTests */,
				2873A6C12717A00100D84704 /* instagramUITests */,
			);
		};
/* End PBXProject section */

/* Begin PBXResourcesBuildPhase section */
		2873A6A027179FFF00D84704 /* Resources */ = {
			isa = PBXResourcesBuildPhase;
			buildActionMask = 2147483647;
			files = (
				2873A6B22717A00100D84704 /* LaunchScreen.storyboard in Resources */,
				2873A6AF2717A00100D84704 /* Assets.xcassets in Resources */,
				2873A6AD2717A00000D84704 /* Main.storyboard in Resources */,
			);
			runOnlyForDeploymentPostprocessing = 0;
		};
		2873A6B62717A00100D84704 /* Resources */ = {
			isa = PBXResourcesBuildPhase;
			buildActionMask = 2147483647;
			files = (
			);
			runOnlyForDeploymentPostprocessing = 0;
		};
		2873A6C02717A00100D84704 /* Resources */ = {
			isa = PBXResourcesBuildPhase;
			buildActionMask = 2147483647;
			files = (
			);
			runOnlyForDeploymentPostprocessing = 0;
		};
/* End PBXResourcesBuildPhase section */

/* Begin PBXSourcesBuildPhase section */
		2873A69E27179FFF00D84704 /* Sources */ = {
			isa = PBXSourcesBuildPhase;
			buildActionMask = 2147483647;
			files = (
				2873A6AA2717A00000D84704 /* ViewController.swift in Sources */,
				2873A6A62717A00000D84704 /* AppDelegate.swift in Sources */,
				2873A6A82717A00000D84704 /* SceneDelegate.swift in Sources */,
			);
			runOnlyForDeploymentPostprocessing = 0;
		};
		2873A6B42717A00100D84704 /* Sources */ = {
			isa = PBXSourcesBuildPhase;
			buildActionMask = 2147483647;
			files = (
				2873A6BD2717A00100D84704 /* instagramTests.swift in Sources */,
			);
			runOnlyForDeploymentPostprocessing = 0;
		};
		2873A6BE2717A00100D84704 /* Sources */ = {
			isa = PBXSourcesBuildPhase;
			buildActionMask = 2147483647;
			files = (
				2873A6C72717A00100D84704 /* instagramUITests.swift in Sources */,
				2873A6C92717A00100D84704 /* instagramUITestsLaunchTests.swift in Sources */,
			);
			runOnlyForDeploymentPostprocessing = 0;
		};
/* End PBXSourcesBuildPhase section */

/* Begin PBXTargetDependency section */
		2873A6BA2717A00100D84704 /* PBXTargetDependency */ = {
			isa = PBXTargetDependency;
			target = 2873A6A127179FFF00D84704 /* instagram */;
			targetProxy = 2873A6B92717A00100D84704 /* PBXContainerItemProxy */;
		};
		2873A6C42717A00100D84704 /* PBXTargetDependency */ = {
			isa = PBXTargetDependency;
			target = 2873A6A127179FFF00D84704 /* instagram */;
			targetProxy = 2873A6C32717A00100D84704 /* PBXContainerItemProxy */;
		};
/* End PBXTargetDependency section */

/* Begin PBXVariantGroup section */
		2873A6AB2717A00000D84704 /* Main.storyboard */ = {
			isa = PBXVariantGroup;
			children = (
				2873A6AC2717A00000D84704 /* Base */,
			);
			name = Main.storyboard;
			sourceTree = "<group>";
		};
		2873A6B02717A00100D84704 /* LaunchScreen.storyboard */ = {
			isa = PBXVariantGroup;
			children = (
				2873A6B12717A00100D84704 /* Base */,
			);
			name = LaunchScreen.storyboard;
			sourceTree = "<group>";
		};
/* End PBXVariantGroup section */

/* Begin XCBuildConfiguration section */
		2873A6CA2717A00100D84704 /* Debug */ = {
			isa = XCBuildConfiguration;
			buildSettings = {
				ALWAYS_SEARCH_USER_PATHS = NO;
				CLANG_ANALYZER_NONNULL = YES;
				CLANG_ANALYZER_NUMBER_OBJECT_CONVERSION = YES_AGGRESSIVE;
				CLANG_CXX_LANGUAGE_STANDARD = "gnu++17";
				CLANG_CXX_LIBRARY = "libc++";
				CLANG_ENABLE_MODULES = YES;
				CLANG_ENABLE_OBJC_ARC = YES;
				CLANG_ENABLE_OBJC_WEAK = YES;
				CLANG_WARN_BLOCK_CAPTURE_AUTORELEASING = YES;
				CLANG_WARN_BOOL_CONVERSION = YES;
				CLANG_WARN_COMMA = YES;
				CLANG_WARN_CONSTANT_CONVERSION = YES;
				CLANG_WARN_DEPRECATED_OBJC_IMPLEMENTATIONS = YES;
				CLANG_WARN_DIRECT_OBJC_ISA_USAGE = YES_ERROR;
				CLANG_WARN_DOCUMENTATION_COMMENTS = YES;
				CLANG_WARN_EMPTY_BODY = YES;
				CLANG_WARN_ENUM_CONVERSION = YES;
				CLANG_WARN_INFINITE_RECURSION = YES;
				CLANG_WARN_INT_CONVERSION = YES;
				CLANG_WARN_NON_LITERAL_NULL_CONVERSION = YES;
				CLANG_WARN_OBJC_IMPLICIT_RETAIN_SELF = YES;
				CLANG_WARN_OBJC_LITERAL_CONVERSION = YES;
				CLANG_WARN_OBJC_ROOT_CLASS = YES_ERROR;
				CLANG_WARN_QUOTED_INCLUDE_IN_FRAMEWORK_HEADER = YES;
				CLANG_WARN_RANGE_LOOP_ANALYSIS = YES;
				CLANG_WARN_STRICT_PROTOTYPES = YES;
				CLANG_WARN_SUSPICIOUS_MOVE = YES;
				CLANG_WARN_UNGUARDED_AVAILABILITY = YES_AGGRESSIVE;
				CLANG_WARN_UNREACHABLE_CODE = YES;
				CLANG_WARN__DUPLICATE_METHOD_MATCH = YES;
				COPY_PHASE_STRIP = NO;
				DEBUG_INFORMATION_FORMAT = dwarf;
				ENABLE_STRICT_OBJC_MSGSEND = YES;
				ENABLE_TESTABILITY = YES;
				GCC_C_LANGUAGE_STANDARD = gnu11;
				GCC_DYNAMIC_NO_PIC = NO;
				GCC_NO_COMMON_BLOCKS = YES;
				GCC_OPTIMIZATION_LEVEL = 0;
				GCC_PREPROCESSOR_DEFINITIONS = (
					"DEBUG=1",
					"$(inherited)",
				);
				GCC_WARN_64_TO_32_BIT_CONVERSION = YES;
				GCC_WARN_ABOUT_RETURN_TYPE = YES_ERROR;
				GCC_WARN_UNDECLARED_SELECTOR = YES;
				GCC_WARN_UNINITIALIZED_AUTOS = YES_AGGRESSIVE;
				GCC_WARN_UNUSED_FUNCTION = YES;
				GCC_WARN_UNUSED_VARIABLE = YES;
				IPHONEOS_DEPLOYMENT_TARGET = 15.0;
				MTL_ENABLE_DEBUG_INFO = INCLUDE_SOURCE;
				MTL_FAST_MATH = YES;
				ONLY_ACTIVE_ARCH = YES;
				SDKROOT = iphoneos;
				SWIFT_ACTIVE_COMPILATION_CONDITIONS = DEBUG;
				SWIFT_OPTIMIZATION_LEVEL = "-Onone";
			};
			name = Debug;
		};
		2873A6CB2717A00100D84704 /* Release */ = {
			isa = XCBuildConfiguration;
			buildSettings = {
				ALWAYS_SEARCH_USER_PATHS = NO;
				CLANG_ANALYZER_NONNULL = YES;
				CLANG_ANALYZER_NUMBER_OBJECT_CONVERSION = YES_AGGRESSIVE;
				CLANG_CXX_LANGUAGE_STANDARD = "gnu++17";
				CLANG_CXX_LIBRARY = "libc++";
				CLANG_ENABLE_MODULES = YES;
				CLANG_ENABLE_OBJC_ARC = YES;
				CLANG_ENABLE_OBJC_WEAK = YES;
				CLANG_WARN_BLOCK_CAPTURE_AUTORELEASING = YES;
				CLANG_WARN_BOOL_CONVERSION = YES;
				CLANG_WARN_COMMA = YES;
				CLANG_WARN_CONSTANT_CONVERSION = YES;
				CLANG_WARN_DEPRECATED_OBJC_IMPLEMENTATIONS = YES;
				CLANG_WARN_DIRECT_OBJC_ISA_USAGE = YES_ERROR;
				CLANG_WARN_DOCUMENTATION_COMMENTS = YES;
				CLANG_WARN_EMPTY_BODY = YES;
				CLANG_WARN_ENUM_CONVERSION = YES;
				CLANG_WARN_INFINITE_RECURSION = YES;
				CLANG_WARN_INT_CONVERSION = YES;
				CLANG_WARN_NON_LITERAL_NULL_CONVERSION = YES;
				CLANG_WARN_OBJC_IMPLICIT_RETAIN_SELF = YES;
				CLANG_WARN_OBJC_LITERAL_CONVERSION = YES;
				CLANG_WARN_OBJC_ROOT_CLASS = YES_ERROR;
				CLANG_WARN_QUOTED_INCLUDE_IN_FRAMEWORK_HEADER = YES;
				CLANG_WARN_RANGE_LOOP_ANALYSIS = YES;
				CLANG_WARN_STRICT_PROTOTYPES = YES;
				CLANG_WARN_SUSPICIOUS_MOVE = YES;
				CLANG_WARN_UNGUARDED_AVAILABILITY = YES_AGGRESSIVE;
				CLANG_WARN_UNREACHABLE_CODE = YES;
				CLANG_WARN__DUPLICATE_METHOD_MATCH = YES;
				COPY_PHASE_STRIP = NO;
				DEBUG_INFORMATION_FORMAT = "dwarf-with-dsym";
				ENABLE_NS_ASSERTIONS = NO;
				ENABLE_STRICT_OBJC_MSGSEND = YES;
				GCC_C_LANGUAGE_STANDARD = gnu11;
				GCC_NO_COMMON_BLOCKS = YES;
				GCC_WARN_64_TO_32_BIT_CONVERSION = YES;
				GCC_WARN_ABOUT_RETURN_TYPE = YES_ERROR;
				GCC_WARN_UNDECLARED_SELECTOR = YES;
				GCC_WARN_UNINITIALIZED_AUTOS = YES_AGGRESSIVE;
				GCC_WARN_UNUSED_FUNCTION = YES;
				GCC_WARN_UNUSED_VARIABLE = YES;
				IPHONEOS_DEPLOYMENT_TARGET = 15.0;
				MTL_ENABLE_DEBUG_INFO = NO;
				MTL_FAST_MATH = YES;
				SDKROOT = iphoneos;
				SWIFT_COMPILATION_MODE = wholemodule;
				SWIFT_OPTIMIZATION_LEVEL = "-O";
				VALIDATE_PRODUCT = YES;
			};
			name = Release;
		};
		2873A6CD2717A00100D84704 /* Debug */ = {
			isa = XCBuildConfiguration;
			buildSettings = {
				ASSETCATALOG_COMPILER_APPICON_NAME = AppIcon;
				ASSETCATALOG_COMPILER_GLOBAL_ACCENT_COLOR_NAME = AccentColor;
				CODE_SIGN_STYLE = Automatic;
				CURRENT_PROJECT_VERSION = 1;
				DEVELOPMENT_TEAM = 23DY6394PQ;
				GENERATE_INFOPLIST_FILE = YES;
				INFOPLIST_FILE = instagram/Info.plist;
				INFOPLIST_KEY_UIApplicationSupportsIndirectInputEvents = YES;
				INFOPLIST_KEY_UILaunchStoryboardName = LaunchScreen;
				INFOPLIST_KEY_UIMainStoryboardFile = Main;
				INFOPLIST_KEY_UISupportedInterfaceOrientations_iPad = "UIInterfaceOrientationPortrait UIInterfaceOrientationPortraitUpsideDown UIInterfaceOrientationLandscapeLeft UIInterfaceOrientationLandscapeRight";
				INFOPLIST_KEY_UISupportedInterfaceOrientations_iPhone = "UIInterfaceOrientationPortrait UIInterfaceOrientationLandscapeLeft UIInterfaceOrientationLandscapeRight";
				LD_RUNPATH_SEARCH_PATHS = (
					"$(inherited)",
					"@executable_path/Frameworks",
				);
				MARKETING_VERSION = 1.0;
				PRODUCT_BUNDLE_IDENTIFIER = codePathIOS.instagram;
				PRODUCT_NAME = "$(TARGET_NAME)";
				SWIFT_EMIT_LOC_STRINGS = YES;
				SWIFT_VERSION = 5.0;
				TARGETED_DEVICE_FAMILY = "1,2";
			};
			name = Debug;
		};
		2873A6CE2717A00100D84704 /* Release */ = {
			isa = XCBuildConfiguration;
			buildSettings = {
				ASSETCATALOG_COMPILER_APPICON_NAME = AppIcon;
				ASSETCATALOG_COMPILER_GLOBAL_ACCENT_COLOR_NAME = AccentColor;
				CODE_SIGN_STYLE = Automatic;
				CURRENT_PROJECT_VERSION = 1;
				DEVELOPMENT_TEAM = 23DY6394PQ;
				GENERATE_INFOPLIST_FILE = YES;
				INFOPLIST_FILE = instagram/Info.plist;
				INFOPLIST_KEY_UIApplicationSupportsIndirectInputEvents = YES;
				INFOPLIST_KEY_UILaunchStoryboardName = LaunchScreen;
				INFOPLIST_KEY_UIMainStoryboardFile = Main;
				INFOPLIST_KEY_UISupportedInterfaceOrientations_iPad = "UIInterfaceOrientationPortrait UIInterfaceOrientationPortraitUpsideDown UIInterfaceOrientationLandscapeLeft UIInterfaceOrientationLandscapeRight";
				INFOPLIST_KEY_UISupportedInterfaceOrientations_iPhone = "UIInterfaceOrientationPortrait UIInterfaceOrientationLandscapeLeft UIInterfaceOrientationLandscapeRight";
				LD_RUNPATH_SEARCH_PATHS = (
					"$(inherited)",
					"@executable_path/Frameworks",
				);
				MARKETING_VERSION = 1.0;
				PRODUCT_BUNDLE_IDENTIFIER = codePathIOS.instagram;
				PRODUCT_NAME = "$(TARGET_NAME)";
				SWIFT_EMIT_LOC_STRINGS = YES;
				SWIFT_VERSION = 5.0;
				TARGETED_DEVICE_FAMILY = "1,2";
			};
			name = Release;
		};
		2873A6D02717A00100D84704 /* Debug */ = {
			isa = XCBuildConfiguration;
			buildSettings = {
				ALWAYS_EMBED_SWIFT_STANDARD_LIBRARIES = YES;
				BUNDLE_LOADER = "$(TEST_HOST)";
				CODE_SIGN_STYLE = Automatic;
				CURRENT_PROJECT_VERSION = 1;
				DEVELOPMENT_TEAM = 23DY6394PQ;
				GENERATE_INFOPLIST_FILE = YES;
				IPHONEOS_DEPLOYMENT_TARGET = 15.0;
				LD_RUNPATH_SEARCH_PATHS = (
					"$(inherited)",
					"@executable_path/Frameworks",
					"@loader_path/Frameworks",
				);
				MARKETING_VERSION = 1.0;
				PRODUCT_BUNDLE_IDENTIFIER = codePathIOS.instagramTests;
				PRODUCT_NAME = "$(TARGET_NAME)";
				SWIFT_EMIT_LOC_STRINGS = NO;
				SWIFT_VERSION = 5.0;
				TARGETED_DEVICE_FAMILY = "1,2";
				TEST_HOST = "$(BUILT_PRODUCTS_DIR)/instagram.app/instagram";
			};
			name = Debug;
		};
		2873A6D12717A00100D84704 /* Release */ = {
			isa = XCBuildConfiguration;
			buildSettings = {
				ALWAYS_EMBED_SWIFT_STANDARD_LIBRARIES = YES;
				BUNDLE_LOADER = "$(TEST_HOST)";
				CODE_SIGN_STYLE = Automatic;
				CURRENT_PROJECT_VERSION = 1;
				DEVELOPMENT_TEAM = 23DY6394PQ;
				GENERATE_INFOPLIST_FILE = YES;
				IPHONEOS_DEPLOYMENT_TARGET = 15.0;
				LD_RUNPATH_SEARCH_PATHS = (
					"$(inherited)",
					"@executable_path/Frameworks",
					"@loader_path/Frameworks",
				);
				MARKETING_VERSION = 1.0;
				PRODUCT_BUNDLE_IDENTIFIER = codePathIOS.instagramTests;
				PRODUCT_NAME = "$(TARGET_NAME)";
				SWIFT_EMIT_LOC_STRINGS = NO;
				SWIFT_VERSION = 5.0;
				TARGETED_DEVICE_FAMILY = "1,2";
				TEST_HOST = "$(BUILT_PRODUCTS_DIR)/instagram.app/instagram";
			};
			name = Release;
		};
		2873A6D32717A00100D84704 /* Debug */ = {
			isa = XCBuildConfiguration;
			buildSettings = {
				ALWAYS_EMBED_SWIFT_STANDARD_LIBRARIES = YES;
				CODE_SIGN_STYLE = Automatic;
				CURRENT_PROJECT_VERSION = 1;
				DEVELOPMENT_TEAM = 23DY6394PQ;
				GENERATE_INFOPLIST_FILE = YES;
				LD_RUNPATH_SEARCH_PATHS = (
					"$(inherited)",
					"@executable_path/Frameworks",
					"@loader_path/Frameworks",
				);
				MARKETING_VERSION = 1.0;
				PRODUCT_BUNDLE_IDENTIFIER = codePathIOS.instagramUITests;
				PRODUCT_NAME = "$(TARGET_NAME)";
				SWIFT_EMIT_LOC_STRINGS = NO;
				SWIFT_VERSION = 5.0;
				TARGETED_DEVICE_FAMILY = "1,2";
				TEST_TARGET_NAME = instagram;
			};
			name = Debug;
		};
		2873A6D42717A00100D84704 /* Release */ = {
			isa = XCBuildConfiguration;
			buildSettings = {
				ALWAYS_EMBED_SWIFT_STANDARD_LIBRARIES = YES;
				CODE_SIGN_STYLE = Automatic;
				CURRENT_PROJECT_VERSION = 1;
				DEVELOPMENT_TEAM = 23DY6394PQ;
				GENERATE_INFOPLIST_FILE = YES;
				LD_RUNPATH_SEARCH_PATHS = (
					"$(inherited)",
					"@executable_path/Frameworks",
					"@loader_path/Frameworks",
				);
				MARKETING_VERSION = 1.0;
				PRODUCT_BUNDLE_IDENTIFIER = codePathIOS.instagramUITests;
				PRODUCT_NAME = "$(TARGET_NAME)";
				SWIFT_EMIT_LOC_STRINGS = NO;
				SWIFT_VERSION = 5.0;
				TARGETED_DEVICE_FAMILY = "1,2";
				TEST_TARGET_NAME = instagram;
			};
			name = Release;
		};
/* End XCBuildConfiguration section */

/* Begin XCConfigurationList section */
		2873A69D27179FFF00D84704 /* Build configuration list for PBXProject "instagram" */ = {
			isa = XCConfigurationList;
			buildConfigurations = (
				2873A6CA2717A00100D84704 /* Debug */,
				2873A6CB2717A00100D84704 /* Release */,
			);
			defaultConfigurationIsVisible = 0;
			defaultConfigurationName = Release;
		};
		2873A6CC2717A00100D84704 /* Build configuration list for PBXNativeTarget "instagram" */ = {
			isa = XCConfigurationList;
			buildConfigurations = (
				2873A6CD2717A00100D84704 /* Debug */,
				2873A6CE2717A00100D84704 /* Release */,
			);
			defaultConfigurationIsVisible = 0;
			defaultConfigurationName = Release;
		};
		2873A6CF2717A00100D84704 /* Build configuration list for PBXNativeTarget "instagramTests" */ = {
			isa = XCConfigurationList;
			buildConfigurations = (
				2873A6D02717A00100D84704 /* Debug */,
				2873A6D12717A00100D84704 /* Release */,
			);
			defaultConfigurationIsVisible = 0;
			defaultConfigurationName = Release;
		};
		2873A6D22717A00100D84704 /* Build configuration list for PBXNativeTarget "instagramUITests" */ = {
			isa = XCConfigurationList;
			buildConfigurations = (
				2873A6D32717A00100D84704 /* Debug */,
				2873A6D42717A00100D84704 /* Release */,
			);
			defaultConfigurationIsVisible = 0;
			defaultConfigurationName = Release;
		};
/* End XCConfigurationList section */
	};
	rootObject = 2873A69A27179FFF00D84704 /* Project object */;
}
